
Microsoft Visual Studio Solution File, Format Version 12.00
# Visual Studio Version 17
VisualStudioVersion = 17.13.35931.197 d17.13
MinimumVisualStudioVersion = 10.0.40219.1
Project("{FAE04EC0-301F-11D3-BF4B-00C04F79EFBC}") = "DIUnittest", "DIUnittest.csproj", "{9F77A3FF-13DD-41F9-A4D4-4F86123B2CEA}"
EndProject
Global
	GlobalSection(SolutionConfigurationPlatforms) = preSolution
		Debug|Any CPU = Debug|Any CPU
		Release|Any CPU = Release|Any CPU
	EndGlobalSection
	GlobalSection(ProjectConfigurationPlatforms) = postSolution
		{9F77A3FF-13DD-41F9-A4D4-4F86123B2CEA}.Debug|Any CPU.ActiveCfg = Debug|Any CPU
		{9F77A3FF-13DD-41F9-A4D4-4F86123B2CEA}.Debug|Any CPU.Build.0 = Debug|Any CPU
		{9F77A3FF-13DD-41F9-A4D4-4F86123B2CEA}.Release|Any CPU.ActiveCfg = Release|Any CPU
		{9F77A3FF-13DD-41F9-A4D4-4F86123B2CEA}.Release|Any CPU.Build.0 = Release|Any CPU
	EndGlobalSection
	GlobalSection(SolutionProperties) = preSolution
		HideSolutionNode = FALSE
	EndGlobalSection
	GlobalSection(ExtensibilityGlobals) = postSolution
		SolutionGuid = {BC66E103-5A96-4814-8D08-B4A12A46758D}
	EndGlobalSection
EndGlobal
